# This file is automatically @generated by Poetry 2.4.1 and should not be changed by hand.

[[package]]
name = "asgiref"
version = "3.11.0"
description = "ASGI specs, helper code, and adapters"
optional = false
python-versions = ">=3.9"
groups = ["main"]
files = [
    {file = "asgiref-3.11.0-py3-none-any.whl", hash = "sha256:1db9021efadb0d9512ce8ffaf72fcef601c7b73a8807a1bb2ef143dc6b14846d"},
    {file = "asgiref-3.11.0.tar.gz", hash = "sha256:13acff32519542a1736223fb79a715acdebe24286d98e8b164a73085f40da2c4"},
]

[package.extras]
tests = ["mypy (>=1.14.0)", "pytest", "pytest-asyncio"]

[[package]]
name = "asttokens"
version = "3.0.1"
description = "Annotate AST trees with source code positions"
optional = false
python-versions = ">=3.8"
groups = ["dev"]
files = [
    {file = "asttokens-3.0.1-py3-none-any.whl", hash = "sha256:15a3ebc0f43c2d0a50eeafea25e19046c68398e487b9f1f5b517f7c0f40f976a"},
    {file = "asttokens-3.0.1.tar.gz", hash = "sha256:71a4ee5de0bde6a31d64f6b13f2293ac190344478f081c3d1bccfcf5eacb0cb7"},
]

[package.extras]
astroid = ["astroid (>=2,<5)"]
test = ["astroid (>=2,<5)", "pytest (<9.0)", "pytest-cov", "pytest-xdist"]

[[package]]
name = "black"
version = "26.3.1"
description = "The uncompromising code formatter."
optional = false
python-versions = ">=3.10"
groups = ["dev"]
files = [
    {file = "black-26.3.1-cp310-cp310-macosx_10_9_x86_64.whl", hash = "sha256:86a8b5035fce64f5dcd1b794cf8ec4d31fe458cf6ce3986a30deb434df82a1d2"},
    {file = "black-26.3.1-cp310-cp310-macosx_11_0_arm64.whl", hash = "sha256:5602bdb96d52d2d0672f24f6ffe5218795736dd34807fd0fd55ccd6bf206168b"},
    {file = "black-26.3.1-cp310-cp310-manylinux2014_x86_64.manylinux_2_17_x86_64.manylinux_2_28_x86_64.whl", hash = "sha256:6c54a4a82e291a1fee5137371ab488866b7c86a3305af4026bdd4dc78642e1ac"},
    {file = "black-26.3.1-cp310-cp310-win_amd64.whl", hash = "sha256:6e131579c243c98f35bce64a7e08e87fb2d610544754675d4a0e73a070a5aa3a"},
    {file = "black-26.3.1-cp310-cp310-win_arm64.whl", hash = "sha256:5ed0ca58586c8d9a487352a96b15272b7fa55d139fc8496b519e78023a8dab0a"},
    {file = "black-26.3.1-cp311-cp311-macosx_10_9_x86_64.whl", hash = "sha256:28ef38aee69e4b12fda8dba75e21f9b4f979b490c8ac0baa7cb505369ac9e1ff"},
    {file = "black-26.3.1-cp311-cp311-macosx_11_0_arm64.whl", hash = "sha256:bf9bf162ed91a26f1adba8efda0b573bc6924ec1408a52cc6f82cb73ec2b142c"},
    {file = "black-26.3.1-cp311-cp311-manylinux2014_x86_64.manylinux_2_17_x86_64.manylinux_2_28_x86_64.whl", hash = "sha256:474c27574d6d7037c1bc875a81d9be0a9a4f9ee95e62800dab3cfaadbf75acd5"},
    {file = "black-26.3.1-cp311-cp311-win_amd64.whl", hash = "sha256:5e9d0d86df21f2e1677cc4bd090cd0e446278bcbbe49bf3659c308c3e402843e"},
    {file = "black-26.3.1-cp311-cp311-win_arm64.whl", hash = "sha256:9a5e9f45e5d5e1c5b5c29b3bd4265dcc90e8b92cf4534520896ed77f791f4da5"},
    {file = "black-26.3.1-cp312-cp312-macosx_10_13_x86_64.whl", hash = "sha256:b5e6f89631eb88a7302d416594a32faeee9fb8fb848290da9d0a5f2903519fc1"},
    {file = "black-26.3.1-cp312-cp312-macosx_11_0_arm64.whl", hash = "sha256:41cd2012d35b47d589cb8a16faf8a32ef7a336f56356babd9fcf70939ad1897f"},
    {file = "black-26.3.1-cp312-cp312-manylinux2014_x86_64.manylinux_2_17_x86_64.manylinux_2_28_x86_64.whl", hash = "sha256:0f76ff19ec5297dd8e66eb64deda23631e642c9393ab592826fd4bdc97a4bce7"},
    {file = "black-26.3.1-cp312-cp312-win_amd64.whl", hash = "sha256:ddb113db38838eb9f043623ba274cfaf7d51d5b0c22ecb30afe58b1bb8322983"},
    {file = "black-26.3.1-cp312-cp312-win_arm64.whl", hash = "sha256:dfdd51fc3e64ea4f35873d1b3fb25326773d55d2329ff8449139ebaad7357efb"},
    {file = "black-26.3.1-cp313-cp313-macosx_10_13_x86_64.whl", hash = "sha256:855822d90f884905362f602880ed8b5df1b7e3ee7d0db2502d4388a954cc8c54"},
    {file = "black-26.3.1-cp313-cp313-macosx_11_0_arm64.whl", hash = "sha256:8a33d657f3276328ce00e4d37fe70361e1ec7614da5d7b6e78de5426cb56332f"},
    {file = "black-26.3.1-cp313-cp313-manylinux2014_x86_64.manylinux_2_17_x86_64.manylinux_2_28_x86_64.whl", hash = "sha256:f1cd08e99d2f9317292a311dfe578fd2a24b15dbce97792f9c4d752275c1fa56"},
    {file = "black-26.3.1-cp313-cp313-win_amd64.whl", hash = "sha256:c7e72339f841b5a237ff14f7d3880ddd0fc7f98a1199e8c4327f9a4f478c1839"},
    {file = "black-26.3.1-cp313-cp313-win_arm64.whl", hash = "sha256:afc622538b430aa4c8c853f7f63bc582b3b8030fd8c80b70fb5fa5b834e575c2"},
    {file = "black-26.3.1-cp314-cp314-macosx_10_15_x86_64.whl", hash = "sha256:2d6bfaf7fd0993b420bed691f20f9492d53ce9a2bcccea4b797d34e947318a78"},
    {file = "black-26.3.1-cp314-cp314-macosx_11_0_arm64.whl", hash = "sha256:f89f2ab047c76a9c03f78d0d66ca519e389519902fa27e7a91117ef7611c0568"},
    {file = "black-26.3.1-cp314-cp314-manylinux2014_x86_64.manylinux_2_17_x86_64.manylinux_2_28_x86_64.whl", hash = "sha256:b07fc0dab849d24a80a29cfab8d8a19187d1c4685d8a5e6385a5ce323c1f015f"},
    {file = "black-26.3.1-cp314-cp314-win_amd64.whl", hash = "sha256:0126ae5b7c09957da2bdbd91a9ba1207453feada9e9fe51992848658c6c8e01c"},
    {file = "black-26.3.1-cp314-cp314-win_arm64.whl", hash = "sha256:92c0ec1f2cc149551a2b7b47efc32c866406b6891b0ee4625e95967c8f4acfb1"},
    {file = "black-26.3.1-py3-none-any.whl", hash = "sha256:2bd5aa94fc267d38bb21a70d7410a89f1a1d318841855f698746f8e7f51acd1b"},
    {file = "black-26.3.1.tar.gz", hash = "sha256:2c50f5063a9641c7eed7795014ba37b0f5fa227f3d408b968936e24bc0566b07"},
]

[package.dependencies]
click = ">=8.0.0"
mypy-extensions = ">=0.4.3"
packaging = ">=22.0"
pathspec = ">=1.0.0"
platformdirs = ">=2"
pytokens = ">=0.4.0,<0.5.0"

[package.extras]
colorama = ["colorama (>=0.4.3)"]
d = ["aiohttp (>=3.10)"]
jupyter = ["ipython (>=7.8.0)", "tokenize-rt (>=3.2.0)"]
uvloop = ["uvloop (>=0.15.2) ; sys_platform != \"win32\"", "winloop (>=0.5.0) ; sys_platform == \"win32\""]

[[package]]
name = "click"
version = "8.3.1"
description = "Composable command line interface toolkit"
optional = false
python-versions = ">=3.10"
groups = ["dev"]
files = [
    {file = "click-8.3.1-py3-none-any.whl", hash = "sha256:981153a64e25f12d547d3426c367a4857371575ee7ad18df2a6183ab0545b2a6"},
    {file = "click-8.3.1.tar.gz", hash = "sha256:12ff4785d337a1bb490bb7e9c2b1ee5da3112e94a8622f26a6c77f5d2fc6842a"},
]

[package.dependencies]
colorama = {version = "*", markers = "platform_system == \"Windows\""}

[[package]]
name = "colorama"
version = "0.4.6"
description = "Cross-platform colored terminal text."
optional = false
python-versions = "!=3.0.*,!=3.1.*,!=3.2.*,!=3.3.*,!=3.4.*,!=3.5.*,!=3.6.*,>=2.7"
groups = ["dev"]
markers = "platform_system == \"Windows\" or sys_platform == \"win32\""
files = [
    {file = "colorama-0.4.6-py2.py3-none-any.whl", hash = "sha256:4f1d9991f5acc0ca119f9d443620b77f9d6b33703e51011c16baf57afb285fc6"},
    {file = "colorama-0.4.6.tar.gz", hash = "sha256:08695f5cb7ed6e0531a20572697297273c47b8cae5a63ffc6d6ed5c201be6e44"},
]

[[package]]
name = "coverage"
version = "7.15.3"
description = "Code coverage measurement for Python"
optional = false
python-versions = ">=3.10"
groups = ["dev"]
files = [
    {file = "coverage-7.15.3-cp310-cp310-macosx_10_9_x86_64.whl", hash = "sha256:3a82b2ceee91ba353e59fe2436d8a9eae799ff9825e5385423ea205d693e2949"},
    {file = "coverage-7.15.3-cp310-cp310-macosx_11_0_arm64.whl", hash = "sha256:3088cce65e54c2eefc08e7e1ca0b0acec1e95e8cf084ac848599103ed0367f74"},
    {file = "coverage-7.15.3-cp310-cp310-manylinux1_i686.manylinux_2_28_i686.manylinux_2_5_i686.whl", hash = "sha256:a65e09efb0b5ab21fc54a8a65c5b2e533c0a4c0d064af0259a005dc656dc1b13"},
    {file = "coverage-7.15.3-cp310-cp310-manylinux1_x86_64.manylinux_2_28_x86_64.manylinux_2_5_x86_64.whl", hash = "sha256:b51f279a2477b0e1f288b98f141fd227acfdd1d3f0370400e473788879b47871"},
    {file = "coverage-7.15.3-cp310-cp310-manylinux2014_aarch64.manylinux_2_17_aarch64.manylinux_2_28_aarch64.whl", hash = "sha256:7835176988cbcf1f014db683bc33aa15e0558e412bf08deaa99757335b88df15"},
    {file = "coverage-7.15.3-cp310-cp310-manylinux2014_ppc64le.manylinux_2_17_ppc64le.manylinux_2_28_ppc64le.whl", hash = "sha256:f24896dc8863167f6732f4142f5d37e6195eccc8fe5fe528d35d49597d29fdb3"},
    {file = "coverage-7.15.3-cp310-cp310-manylinux_2_31_riscv64.manylinux_2_39_riscv64.whl", hash = "sha256:9490d43e5d041fdf376770a886a29722adb05f6b9c21a65c48c81fc8f1c33fd7"},
    {file = "coverage-7.15.3-cp310-cp310-musllinux_1_2_aarch64.whl", hash = "sha256:225e359bd5dedaff6d68e36091af20555866c557d968167308b677379bf575c3"},
    {file = "coverage-7.15.3-cp310-cp310-musllinux_1_2_i686.whl", hash = "sha256:22119e2e3b2ac5ac024d50131fdd4b22ab4c6cf8aa2fc792cce73c0d94c5812d"},
    {file = "coverage-7.15.3-cp310-cp310-musllinux_1_2_ppc64le.whl", hash = "sha256:12d555badc462b0f6037ce8bec8b4af8d71f90eb55b57d0a358731f7ee7883e2"},
    {file = "coverage-7.15.3-cp310-cp310-musllinux_1_2_riscv64.whl", hash = "sha256:c4e2cf9cf774939b3dc581c6e31dfe7e8d7608b24f0f17524d6161f8235c3d2c"},
    {file = "coverage-7.15.3-cp310-cp310-musllinux_1_2_x86_64.whl", hash = "sha256:cea1b3e19d710f67e2ba9ce0b0b51032c2a9b4808a65ced48ddf336ef7e58058"},
    {file = "coverage-7.15.3-cp310-cp310-win32.whl", hash = "sha256:25c77560309f157e7b7ee8fe0bf78d047ba900b7ae42f0e50e559305b366fea2"},
    {file = "coverage-7.15.3-cp310-cp310-win_amd64.whl", hash = "sha256:179fbf847e6c3d90ea71bfd570fe57f1ddb1c51474754894871c1e11099efaa0"},
    {file = "coverage-7.15.3-cp311-cp311-macosx_10_9_x86_64.whl", hash = "sha256:5f3f854ab4599d98f7799ac9b91e34e8ec9ebc9a6372ee8c1f3413a68cc8b5e9"},
    {file = "coverage-7.15.3-cp311-cp311-macosx_11_0_arm64.whl", hash = "sha256:75268348fee1f199653b8a846262aec5581c6bb008c4f58824959fb708cc688f"},
    {file = "coverage-7.15.3-cp311-cp311-manylinux1_i686.manylinux_2_28_i686.manylinux_2_5_i686.whl", hash = "sha256:21081739f6264cc594cad2d42b62befbd17633824022866c68720eb0c4b8d6b4"},
    {file = "coverage-7.15.3-cp311-cp311-manylinux1_x86_64.manylinux_2_28_x86_64.manylinux_2_5_x86_64.whl", hash = "sha256:718d366251b060c10731c7dd359de6caea72250036eb94576aa56dacbf830a11"},
    {file = "coverage-7.15.3-cp311-cp311-manylinux2014_aarch64.manylinux_2_17_aarch64.manylinux_2_28_aarch64.whl", hash = "sha256:fa1bbaa502a6e877f3ee67cbac3eba2bb637f623e454e6c37b81b38896dbd48f"},
    {file = "coverage-7.15.3-cp311-cp311-manylinux2014_ppc64le.manylinux_2_17_ppc64le.manylinux_2_28_ppc64le.whl", hash = "sha256:494880c9e60782610683f4eb9b65cce4f886673596b8f3cb2dfa079fc551c743"},
    {file = "coverage-7.15.3-cp311-cp311-manylinux_2_31_riscv64.manylinux_2_39_riscv64.whl", hash = "sha256:3db264ea689f9e8f9fa4fb9005fee4048c3bff4a547f4cfa27f5086cb0804ec0"},
    {file = "coverage-7.15.3-cp311-cp311-musllinux_1_2_aarch64.whl", hash = "sha256:4e869d4799674d67778e76ddbe2e26cf1673369262e231a8ec259421b1015fea"},
    {file = "coverage-7.15.3-cp311-cp311-musllinux_1_2_i686.whl", hash = "sha256:696fc7a28bbf717aba8d2c6963d26702945c7832cb313ba3b323aa5b1afb3156"},
    {file = "coverage-7.15.3-cp311-cp311-musllinux_1_2_ppc64le.whl", hash = "sha256:3fe9be1c527497d047f770d88a0110189714c36383bb88384508f750c302bffa"},
    {file = "coverage-7.15.3-cp311-cp311-musllinux_1_2_riscv64.whl", hash = "sha256:2400591f4b2e33746c70846388f8bb4c7e33b820e31cb8c6cb2f25305310438b"},
    {file = "coverage-7.15.3-cp311-cp311-musllinux_1_2_x86_64.whl", hash = "sha256:2e557178799282269412a672e5753f2179edfe1b3f0f19b0c98f8e72d482326a"},
    {file = "coverage-7.15.3-cp311-cp311-win32.whl", hash = "sha256:68ea6c947375982ae907e19e9d2ef156bd6e68e11f3566dd568d7f4ec974e715"},
    {file = "coverage-7.15.3-cp311-cp311-win_amd64.whl", hash = "sha256:28743dad31622e8c474b17446118037361f5b1f4f2ecdf72d4f6fde246d64446"},
    {file = "coverage-7.15.3-cp311-cp311-win_arm64.whl", hash = "sha256:c4398918c4fda32718191239e451fd86ac5ad1e8979b592f1921ee2d1f038965"},
    {file = "coverage-7.15.3-cp312-cp312-macosx_10_13_x86_64.whl", hash = "sha256:79a3e32e83227d83d9684459ed579769b56c369ac2d7313099b2d9e031d2e10f"},
    {file = "coverage-7.15.3-cp312-cp312-macosx_11_0_arm64.whl", hash = "sha256:767feb87c5886d781d0a69fafd450a20826ddab7b79bce1665deb64d21441b60"},
    {file = "coverage-7.15.3-cp312-cp312-manylinux1_i686.manylinux_2_28_i686.manylinux_2_5_i686.whl", hash = "sha256:50951e37033c40548d777b8a8454a2cd622dba1136780065678dccaec307c47f"},
    {file = "coverage-7.15.3-cp312-cp312-manylinux1_x86_64.manylinux_2_28_x86_64.manylinux_2_5_x86_64.whl", hash = "sha256:63a4ff67364afb2cac826b8bbd78a5c50ce656a7b7137436b44d7b96a9271088"},
    {file = "coverage-7.15.3-cp312-cp312-manylinux2014_aarch64.manylinux_2_17_aarch64.manylinux_2_28_aarch64.whl", hash = "sha256:6e95e42856509675fe26560310313a6117640e96f9a1e19bb3d220116a27c94c"},
    {file = "coverage-7.15.3-cp312-cp312-manylinux2014_ppc64le.manylinux_2_17_ppc64le.manylinux_2_28_ppc64le.whl", hash = "sha256:abad631cba27094b4631993f4c72e89ac0ca1b3a0236c7abaf8ca79aea619851"},
    {file = "coverage-7.15.3-cp312-cp312-manylinux_2_31_riscv64.manylinux_2_39_riscv64.whl", hash = "sha256:2b0807f1f051dd82a234ad6acdb6f1425baede60be1e84e862496c8cc9262ab9"},
    {file = "coverage-7.15.3-cp312-cp312-musllinux_1_2_aarch64.whl", hash = "sha256:d8d6df7aeb5bc464040bbc9ae173d875785d3677ebc4307817997d622d74225e"},
    {file = "coverage-7.15.3-cp312-cp312-musllinux_1_2_i686.whl", hash = "sha256:974471c506c9f5758808b47c1ebf7949ecd0848f5c1020e78675fefe5ff46866"},
    {file = "coverage-7.15.3-cp312-cp312-musllinux_1_2_ppc64le.whl", hash = "sha256:5cba0c9c13e35c86df7998f1afaf6b1da224a3a39e4da59bdabf60c148046dcb"},
    {file = "coverage-7.15.3-cp312-cp312-musllinux_1_2_riscv64.whl", hash = "sha256:4d608dc36a364dce33acbf4fc3a50f9d2054c945f233bb0a2cdb4b90bfa17646"},
    {file = "coverage-7.15.3-cp312-cp312-musllinux_1_2_x86_64.whl", hash = "sha256:2395869280554a1941da904423c12660c39f721315e1c02d076a7fe0971382f0"},
    {file = "coverage-7.15.3-cp312-cp312-win32.whl", hash = "sha256:24f3b21840c3eb76cef3cc70b2bf6649010c64471a84a446538a39306e1ba04d"},
    {file = "coverage-7.15.3-cp312-cp312-win_amd64.whl", hash = "sha256:fa7b17902c3c1dd8a7adb52679b7f6340bba08443d710c8838e04db8cf62be2a"},
    {file = "coverage-7.15.3-cp312-cp312-win_arm64.whl", hash = "sha256:fcbe83fb7258eacd293bf5322d88807acb35ed12a5cfa99dd8215c083e3b0235"},
    {file = "coverage-7.15.3-cp313-cp313-macosx_10_13_x86_64.whl", hash = "sha256:1182eed05674c63d40951fae27c43e822749f04d25f75df64c2e4fa3168678de"},
    {file = "coverage-7.15.3-cp313-cp313-macosx_11_0_arm64.whl", hash = "sha256:c0c4b0d7c4cd56e470d0c9d8441f42e8a96cdfd95050fec027f1d4dd9f11006c"},
    {file = "coverage-7.15.3-cp313-cp313-manylinux1_i686.manylinux_2_28_i686.manylinux_2_5_i686.whl", hash = "sha256:5c9fce9f4998b0d50a753da765b9215a14decc7863822c89d72da7a89ca625b3"},
    {file = "coverage-7.15.3-cp313-cp313-manylinux1_x86_64.manylinux_2_28_x86_64.manylinux_2_5_x86_64.whl", hash = "sha256:7a47e2a0a0ace9241e70ee00e44520f88b843094603dd54303f1bafecd929c30"},
    {file = "coverage-7.15.3-cp313-cp313-manylinux2014_aarch64.manylinux_2_17_aarch64.manylinux_2_28_aarch64.whl", hash = "sha256:95bad94f83807ae60ed76f3ac012f69b2605ac9ea81bee959a5a483f7fa09c10"},
    {file = "coverage-7.15.3-cp313-cp313-manylinux2014_ppc64le.manylinux_2_17_ppc64le.manylinux_2_28_ppc64le.whl", hash = "sha256:228e172a76c428bb17d1ab78a2ff188990b0597e5dbd291f52a4edf7412de049"},
    {file = "coverage-7.15.3-cp313-cp313-manylinux_2_31_riscv64.manylinux_2_39_riscv64.whl", hash = "sha256:cea9fb33887c99349996266f1fd60abe5af3577a90633392001d27ef46b4b66e"},
    {file = "coverage-7.15.3-cp313-cp313-musllinux_1_2_aarch64.whl", hash = "sha256:81760de3155d7f52c21860c4046628dc6bed182f72e3c028e2b4fd46f65aa040"},
    {file = "coverage-7.15.3-cp313-cp313-musllinux_1_2_i686.whl", hash = "sha256:b47ea0a1d3a3d089826c6cbfad8429d7d8872e28e86baa95ddef330f6875da21"},
    {file = "coverage-7.15.3-cp313-cp313-musllinux_1_2_ppc64le.whl", hash = "sha256:5459ba486b2a5d58a6c05254779ecdf525e7f20174d0210ceda75ba40fdb8f2c"},
    {file = "coverage-7.15.3-cp313-cp313-musllinux_1_2_riscv64.whl", hash = "sha256:c59209f80a08dbfcdd5109a80dc623cd3b9d22895c85757d34f57a6e6e95570f"},
    {file = "coverage-7.15.3-cp313-cp313-musllinux_1_2_x86_64.whl", hash = "sha256:f863856c1779d4a5bb6a94698a2f9073e09c6706501f76f3e7780e72df97d21c"},
    {file = "coverage-7.15.3-cp313-cp313-win32.whl", hash = "sha256:00cbdc5e322927dc30c5e42b863819b1bb867cc66f26ab5372c585850876ab93"},
    {file = "coverage-7.15.3-cp313-cp313-win_amd64.whl", hash = "sha256:835528518a1d823cf336740324b2f335f7c01e609e74abcb5d5163b3e66661e3"},
    {file = "coverage-7.15.3-cp313-cp313-win_arm64.whl", hash = "sha256:0d2e1f2cbbf36b842f3e2aff8d118c60d677adb498bc6c7fa9c6838738f82767"},
    {file = "coverage-7.15.3-cp314-cp314-macosx_10_15_x86_64.whl", hash = "sha256:1e3bb08ad574bd9fb6a991f645728f70d333c1c1958dd5fcde65e24cb862813d"},
    {file = "coverage-7.15.3-cp314-cp314-macosx_11_0_arm64.whl", hash = "sha256:9e5860eaff02a0b7f1b73304bdf846596ee62ab3a78d25c68044ebf684cb1fef"},
    {file = "coverage-7.15.3-cp314-cp314-manylinux1_i686.manylinux_2_28_i686.manylinux_2_5_i686.whl", hash = "sha256:60874e5bd67f0b1bdbe42ab42c7bafa66a6fb8de88721af6df3f7a02713960cd"},
    {file = "coverage-7.15.3-cp314-cp314-manylinux1_x86_64.manylinux_2_28_x86_64.manylinux_2_5_x86_64.whl", hash = "sha256:f9147be876e9d83765e0b82176674dc248a6b9283e25e01e7462611b97e9b731"},
    {file = "coverage-7.15.3-cp314-cp314-manylinux2014_aarch64.manylinux_2_17_aarch64.manylinux_2_28_aarch64.whl", hash = "sha256:61a01f8c3804760fcc5a3d31c4f3cab792d660d44e17bf7adeaf0ea51e07821e"},
    {file = "coverage-7.15.3-cp314-cp314-manylinux2014_ppc64le.manylinux_2_17_ppc64le.manylinux_2_28_ppc64le.whl", hash = "sha256:95bf3e7f26f792e25eb185f85a5a659d48479265176dcfe22b6f334fd0081b5c"},
    {file = "coverage-7.15.3-cp314-cp314-manylinux_2_31_riscv64.manylinux_2_39_riscv64.whl", hash = "sha256:44c41eff9e413fed8740eca75d5438ebeb9d3e45e7cd37c67329213e7a72c764"},
    {file = "coverage-7.15.3-cp314-cp314-musllinux_1_2_aarch64.whl", hash = "sha256:54146bafb61f3ba9895b43af0dd17eba01561d586d44ce84ea221b0cbbee5a9e"},
    {file = "coverage-7.15.3-cp314-cp314-musllinux_1_2_i686.whl", hash = "sha256:af000dd1bb859ff8066fda4c79512ff938c798116540307226b373099c7b151f"},
    {file = "coverage-7.15.3-cp314-cp314-musllinux_1_2_ppc64le.whl", hash = "sha256:a1b82490577f3889950b5a04f18712aef0207243e0749d60fe28c3c73ebfd5fd"},
    {file = "coverage-7.15.3-cp314-cp314-musllinux_1_2_riscv64.whl", hash = "sha256:c4fc90a60154c3e4b8a2dc206d6dbe852f1c235c249e0dc0cef909d032c9591a"},
    {file = "coverage-7.15.3-cp314-cp314-musllinux_1_2_x86_64.whl", hash = "sha256:f25bb884814a892948b4c20394db3f2364dd452d9492736479e7a493e63b0eb6"},
    {file = "coverage-7.15.3-cp314-cp314-win32.whl", hash = "sha256:722dbf8e7828fbcfe0dc8586167dc0a5ce85ad6ea171dbb21ed3f8d6581d3cb8"},
    {file = "coverage-7.15.3-cp314-cp314-win_amd64.whl", hash = "sha256:64d0845f9c3ed47302bed265c15ab4dbb64aa4ec1490839b8e328f4e7fa914d2"},
    {file = "coverage-7.15.3-cp314-cp314-win_arm64.whl", hash = "sha256:69bc14684f8fbbee9f9dbaa4fe79719b0da9725fc37956785c06ec365acf6926"},
    {file = "coverage-7.15.3-cp314-cp314t-macosx_10_15_x86_64.whl", hash = "sha256:f92df943c24b96cb215ca26b4f6a2283e63c5db80f1635aceea7fff11311917b"},
    {file = "coverage-7.15.3-cp314-cp314t-macosx_11_0_arm64.whl", hash = "sha256:66591c46bdd2971d3ae2bc503a5f0459c2edcaf6b7e045b292000cc95bc6cb95"},
    {file = "coverage-7.15.3-cp314-cp314t-manylinux1_i686.manylinux_2_28_i686.manylinux_2_5_i686.whl", hash = "sha256:caa64458b81b18bfc67cdf1f6dc02b23e3edc672f2f8e11771fad75865415a43"},
    {file = "coverage-7.15.3-cp314-cp314t-manylinux1_x86_64.manylinux_2_28_x86_64.manylinux_2_5_x86_64.whl", hash = "sha256:447f5421ccf5475956cf516d4ca1d575f487947b6f4e11f9d80c6aefe24b3dc8"},
    {file = "coverage-7.15.3-cp314-cp314t-manylinux2014_aarch64.manylinux_2_17_aarch64.manylinux_2_28_aarch64.whl", hash = "sha256:7a0c77ef8cd483a4987a5d12d1d9d5f7ee598dfdc6c0844417d847e5768dc779"},
    {file = "coverage-7.15.3-cp314-cp314t-manylinux2014_ppc64le.manylinux_2_17_ppc64le.manylinux_2_28_ppc64le.whl", hash = "sha256:0b273f4ff657446a06c2d85bf80e134fa869a92852ba5f87854a70e1fb44da77"},
    {file = "coverage-7.15.3-cp314-cp314t-manylinux_2_31_riscv64.manylinux_2_39_riscv64.whl", hash = "sha256:daea8c4fafa22488600405be2c2be525a9406fba3fc0a83acc726db3e14e2005"},
    {file = "coverage-7.15.3-cp314-cp314t-musllinux_1_2_aarch64.whl", hash = "sha256:93ff57c530f3fa7aa69f92fb9b8892b8aa82712aa970842f4abf28657f42fb57"},
    {file = "coverage-7.15.3-cp314-cp314t-musllinux_1_2_i686.whl", hash = "sha256:4df21bef8b800eebda9018f53d49c9ace3aeb0090c850139b27923aafcb83e91"},
    {file = "coverage-7.15.3-cp314-cp314t-musllinux_1_2_ppc64le.whl", hash = "sha256:db567b02685f26034adcbd85055f80d12cdf02111b8ed00886093d98b2874ce2"},
    {file = "coverage-7.15.3-cp314-cp314t-musllinux_1_2_riscv64.whl", hash = "sha256:5318dd51b8600b947e058cf5a4fe54d183d9d13c49b97b64ca7be05a34df9bef"},
    {file = "coverage-7.15.3-cp314-cp314t-musllinux_1_2_x86_64.whl", hash = "sha256:c995bfa383c54704839b6c4c2627a1c00895597ada0e5e8190c81d8bd620555c"},
    {file = "coverage-7.15.3-cp314-cp314t-win32.whl", hash = "sha256:6433fafb8da0e1d02eb53411e0ecdadb6b88f0224fdc23317e703c0e88937d42"},
    {file = "coverage-7.15.3-cp314-cp314t-win_amd64.whl", hash = "sha256:fe578952b1b29fe8c777f43f241d49efac4b56724a3434f5d22ebe3c208df429"},
    {file = "coverage-7.15.3-cp314-cp314t-win_arm64.whl", hash = "sha256:d2e1acb7aee29dfa8f3e48c23f36670898baca1209d9bdd3985a50c7f982165e"},
    {file = "coverage-7.15.3-py3-none-any.whl", hash = "sha256:da78fa6fc7dafe4212839173133ee85afcf42c5cd5f3e47fa7c1c210453b445e"},
    {file = "coverage-7.15.3.tar.gz", hash = "sha256:ae7ea5a4614acf399ef0483c4cb34f8f8f01df848d8fcbe7d3ce0865733f1c4d"},
]

[package.extras]
toml = ["tomli ; python_full_version <= \"3.11.0a6\""]

[[package]]
name = "cysystemd"
version = "1.6.3"
description = "systemd wrapper in Cython"
optional = false
python-versions = "<4,>3.6"
groups = ["prod"]
files = [
    {file = "cysystemd-1.6.3.tar.gz", hash = "sha256:b6f2cf29233e65a1f37933d60a5ca9f654acbea4b086d1febe4265433f491a18"},
]

[[package]]
name = "decorator"
version = "5.2.1"
description = "Decorators for Humans"
optional = false
python-versions = ">=3.8"
groups = ["dev"]
files = [
    {file = "decorator-5.2.1-py3-none-any.whl", hash = "sha256:d316bb415a2d9e2d2b3abcc4084c6502fc09240e292cd76a76afc106a1c8e04a"},
    {file = "decorator-5.2.1.tar.gz", hash = "sha256:65f266143752f734b0a7cc83c46f4618af75b8c5911b00ccb61d0ac9b6da0360"},
]

[[package]]
name = "django"
version = "5.2.15"
description = "A high-level Python web framework that encourages rapid development and clean, pragmatic design."
optional = false
python-versions = ">=3.10"
groups = ["main"]
files = [
    {file = "django-5.2.15-py3-none-any.whl", hash = "sha256:0eb4a9bb1853a35b0286dbc6d916bd352c8c2687195a7f2d6f80cefd840e4970"},
    {file = "django-5.2.15.tar.gz", hash = "sha256:5154a9bf84ac01dde011e367f355c07dbb329532e06810dcf3ef2af269e236e7"},
]

[package.dependencies]
asgiref = ">=3.8.1"
sqlparse = ">=0.3.1"
tzdata = {version = "*", markers = "sys_platform == \"win32\""}

[package.extras]
argon2 = ["argon2-cffi (>=19.1.0)"]
bcrypt = ["bcrypt"]

[[package]]
name = "django-redis"
version = "6.0.0"
description = "Full featured redis cache backend for Django."
optional = false
python-versions = ">=3.9"
groups = ["main"]
files = [
    {file = "django_redis-6.0.0-py3-none-any.whl", hash = "sha256:20bf0063a8abee567eb5f77f375143c32810c8700c0674ced34737f8de4e36c0"},
    {file = "django_redis-6.0.0.tar.gz", hash = "sha256:2d9cb12a20424a4c4dde082c6122f486628bae2d9c2bee4c0126a4de7fda00dd"},
]

[package.dependencies]
Django = ">=4.2"
redis = ">=4.0.2"

[package.extras]
hiredis = ["redis[hiredis] (>=4.0.2)"]

[[package]]
name = "executing"
version = "2.2.1"
description = "Get the currently executing AST node of a frame, and other information"
optional = false
python-versions = ">=3.8"
groups = ["dev"]
files = [
    {file = "executing-2.2.1-py2.py3-none-any.whl", hash = "sha256:760643d3452b4d777d295bb167ccc74c64a81df23fb5e08eff250c425a4b2017"},
    {file = "executing-2.2.1.tar.gz", hash = "sha256:3632cc370565f6648cc328b32435bd120a1e4ebb20c77e3fdde9a13cd1e533c4"},
]

[package.extras]
tests = ["asttokens (>=2.1.0)", "coverage", "coverage-enable-subprocess", "ipython", "littleutils", "pytest", "rich ; python_version >= \"3.11\""]

[[package]]
name = "iniconfig"
version = "2.3.0"
description = "brain-dead simple config-ini parsing"
optional = false
python-versions = ">=3.10"
groups = ["dev"]
files = [
    {file = "iniconfig-2.3.0-py3-none-any.whl", hash = "sha256:f631c04d2c48c52b84d0d0549c99ff3859c98df65b3101406327ecc7d53fbf12"},
    {file = "iniconfig-2.3.0.tar.gz", hash = "sha256:c76315c77db068650d49c5b56314774a7804df16fee4402c1f19d6d15d8c4730"},
]

[[package]]
name = "ipython"
version = "9.7.0"
description = "IPython: Productive Interactive Computing"
optional = false
python-versions = ">=3.11"
groups = ["dev"]
files = [
    {file = "ipython-9.7.0-py3-none-any.whl", hash = "sha256:bce8ac85eb9521adc94e1845b4c03d88365fd6ac2f4908ec4ed1eb1b0a065f9f"},
    {file = "ipython-9.7.0.tar.gz", hash = "sha256:5f6de88c905a566c6a9d6c400a8fed54a638e1f7543d17aae2551133216b1e4e"},
]

[package.dependencies]
colorama = {version = ">=0.4.4", markers = "sys_platform == \"win32\""}
decorator = ">=4.3.2"
ipython-pygments-lexers = ">=1.0.0"
jedi = ">=0.18.1"
matplotlib-inline = ">=0.1.5"
pexpect = {version = ">4.3", markers = "sys_platform != \"win32\" and sys_platform != \"emscripten\""}
prompt_toolkit = ">=3.0.41,<3.1.0"
pygments = ">=2.11.0"
stack_data = ">=0.6.0"
traitlets = ">=5.13.0"

[package.extras]
all = ["ipython[doc,matplotlib,test,test-extra]"]
black = ["black"]
doc = ["docrepr", "exceptiongroup", "intersphinx_registry", "ipykernel", "ipython[matplotlib,test]", "setuptools (>=70.0)", "sphinx (>=8.0)", "sphinx-rtd-theme (>=0.1.8)", "sphinx_toml (==0.0.4)", "typing_extensions"]
matplotlib = ["matplotlib (>3.9)"]
test = ["packaging (>=20.1.0)", "pytest (>=7.0.0)", "pytest-asyncio (>=1.0.0)", "setuptools (>=61.2)", "testpath (>=0.2)"]
test-extra = ["curio", "ipykernel (>6.30)", "ipython[matplotlib]", "ipython[test]", "jupyter_ai", "nbclient", "nbformat", "numpy (>=1.27)", "pandas (>2.1)", "trio (>=0.1.0)"]

[[package]]
name = "ipython-pygments-lexers"
version = "1.1.1"
description = "Defines a variety of Pygments lexers for highlighting IPython code."
optional = false
python-versions = ">=3.8"
groups = ["dev"]
files = [
    {file = "ipython_pygments_lexers-1.1.1-py3-none-any.whl", hash = "sha256:a9462224a505ade19a605f71f8fa63c2048833ce50abc86768a0d81d876dc81c"},
    {file = "ipython_pygments_lexers-1.1.1.tar.gz", hash = "sha256:09c0138009e56b6854f9535736f4171d855c8c08a563a0dcd8022f78355c7e81"},
]

[package.dependencies]
pygments = "*"

[[package]]
name = "jedi"
version = "0.19.2"
description = "An autocompletion tool for Python that can be used for text editors."
optional = false
python-versions = ">=3.6"
groups = ["dev"]
files = [
    {file = "jedi-0.19.2-py2.py3-none-any.whl", hash = "sha256:a8ef22bde8490f57fe5c7681a3c83cb58874daf72b4784de3cce5b6ef6edb5b9"},
    {file = "jedi-0.19.2.tar.gz", hash = "sha256:4770dc3de41bde3966b02eb84fbcf557fb33cce26ad23da12c742fb50ecb11f0"},
]

[package.dependencies]
parso = ">=0.8.4,<0.9.0"

[package.extras]
docs = ["Jinja2 (==2.11.3)", "MarkupSafe (==1.1.1)", "Pygments (==2.8.1)", "alabaster (==0.7.12)", "babel (==2.9.1)", "chardet (==4.0.0)", "commonmark (==0.8.1)", "docutils (==0.17.1)", "future (==0.18.2)", "idna (==2.10)", "imagesize (==1.2.0)", "mock (==1.0.1)", "packaging (==20.9)", "pyparsing (==2.4.7)", "pytz (==2021.1)", "readthedocs-sphinx-ext (==2.1.4)", "recommonmark (==0.5.0)", "requests (==2.25.1)", "six (==1.15.0)", "snowballstemmer (==2.1.0)", "sphinx (==1.8.5)", "sphinx-rtd-theme (==0.4.3)", "sphinxcontrib-serializinghtml (==1.1.4)", "sphinxcontrib-websupport (==1.2.4)", "urllib3 (==1.26.4)"]
qa = ["flake8 (==5.0.4)", "mypy (==0.971)", "types-setuptools (==67.2.0.1)"]
testing = ["Django", "attrs", "colorama", "docopt", "pytest (<9.0.0)"]

[[package]]
name = "matplotlib-inline"
version = "0.2.1"
description = "Inline Matplotlib backend for Jupyter"
optional = false
python-versions = ">=3.9"
groups = ["dev"]
files = [
    {file = "matplotlib_inline-0.2.1-py3-none-any.whl", hash = "sha256:d56ce5156ba6085e00a9d54fead6ed29a9c47e215cd1bba2e976ef39f5710a76"},
    {file = "matplotlib_inline-0.2.1.tar.gz", hash = "sha256:e1ee949c340d771fc39e241ea75683deb94762c8fa5f2927ec57c83c4dffa9fe"},
]

[package.dependencies]
traitlets = "*"

[package.extras]
test = ["flake8", "nbdime", "nbval", "notebook", "pytest"]

[[package]]
name = "mypy-extensions"
version = "1.1.0"
description = "Type system extensions for programs checked with the mypy type checker."
optional = false
python-versions = ">=3.8"
groups = ["dev"]
files = [
    {file = "mypy_extensions-1.1.0-py3-none-any.whl", hash = "sha256:1be4cccdb0f2482337c4743e60421de3a356cd97508abadd57d47403e94f5505"},
    {file = "mypy_extensions-1.1.0.tar.gz", hash = "sha256:52e68efc3284861e772bbcd66823fde5ae21fd2fdb51c62a211403730b916558"},
]

[[package]]
name = "packaging"
version = "25.0"
description = "Core utilities for Python packages"
optional = false
python-versions = ">=3.8"
groups = ["dev"]
files = [
    {file = "packaging-25.0-py3-none-any.whl", hash = "sha256:29572ef2b1f17581046b3a2227d5c611fb25ec70ca1ba8554b24b0e69331a484"},
    {file = "packaging-25.0.tar.gz", hash = "sha256:d443872c98d677bf60f6a1f2f8c1cb748e8fe762d2bf9d3148b5599295b0fc4f"},
]

[[package]]
name = "parso"
version = "0.8.5"
description = "A Python Parser"
optional = false
python-versions = ">=3.6"
groups = ["dev"]
files = [
    {file = "parso-0.8.5-py2.py3-none-any.whl", hash = "sha256:646204b5ee239c396d040b90f9e272e9a8017c630092bf59980beb62fd033887"},
    {file = "parso-0.8.5.tar.gz", hash = "sha256:034d7354a9a018bdce352f48b2a8a450f05e9d6ee85db84764e9b6bd96dafe5a"},
]

[package.extras]
qa = ["flake8 (==5.0.4)", "mypy (==0.971)", "types-setuptools (==67.2.0.1)"]
testing = ["docopt", "pytest"]

[[package]]
name = "pathspec"
version = "1.1.1"
description = "Utility library for gitignore style pattern matching of file paths."
optional = false
python-versions = ">=3.9"
groups = ["dev"]
files = [
    {file = "pathspec-1.1.1-py3-none-any.whl", hash = "sha256:a00ce642f577bf7f473932318056212bc4f8bfdf53128c78bbd5af0b9b20b189"},
    {file = "pathspec-1.1.1.tar.gz", hash = "sha256:17db5ecd524104a120e173814c90367a96a98d07c45b2e10c2f3919fff91bf5a"},
]

[package.extras]
hyperscan = ["hyperscan (>=0.7)"]
optional = ["typing-extensions (>=4)"]
re2 = ["google-re2 (>=1.1)"]

[[package]]
name = "pexpect"
version = "4.9.0"
description = "Pexpect allows easy control of interactive console applications."
optional = false
python-versions = "*"
groups = ["dev"]
markers = "sys_platform != \"win32\" and sys_platform != \"emscripten\""
files = [
    {file = "pexpect-4.9.0-py2.py3-none-any.whl", hash = "sha256:7236d1e080e4936be2dc3e326cec0af72acf9212a7e1d060210e70a47e253523"},
    {file = "pexpect-4.9.0.tar.gz", hash = "sha256:ee7d41123f3c9911050ea2c2dac107568dc43b2d3b0c7557a33212c398ead30f"},
]

[package.dependencies]
ptyprocess = ">=0.5"

[[package]]
name = "platformdirs"
version = "4.5.0"
description = "A small Python package for determining appropriate platform-specific dirs, e.g. a `user data dir`."
optional = false
python-versions = ">=3.10"
groups = ["dev"]
files = [
    {file = "platformdirs-4.5.0-py3-none-any.whl", hash = "sha256:e578a81bb873cbb89a41fcc904c7ef523cc18284b7e3b3ccf06aca1403b7ebd3"},
    {file = "platformdirs-4.5.0.tar.gz", hash = "sha256:70ddccdd7c99fc5942e9fc25636a8b34d04c24b335100223152c2803e4063312"},
]

[package.extras]
docs = ["furo (>=2025.9.25)", "proselint (>=0.14)", "sphinx (>=8.2.3)", "sphinx-autodoc-typehints (>=3.2)"]
test = ["appdirs (==1.4.4)", "covdefaults (>=2.3)", "pytest (>=8.4.2)", "pytest-cov (>=7)", "pytest-mock (>=3.15.1)"]
type = ["mypy (>=1.18.2)"]

[[package]]
name = "pluggy"
version = "1.6.0"
description = "plugin and hook calling mechanisms for python"
optional = false
python-versions = ">=3.9"
groups = ["dev"]
files = [
    {file = "pluggy-1.6.0-py3-none-any.whl", hash = "sha256:e920276dd6813095e9377c0bc5566d94c932c33b27a3e3945d8389c374dd4746"},
    {file = "pluggy-1.6.0.tar.gz", hash = "sha256:7dcc130b76258d33b90f61b658791dede3486c3e6bfb003ee5c9bfb396dd22f3"},
]

[package.extras]
dev = ["pre-commit", "tox"]
testing = ["coverage", "pytest", "pytest-benchmark"]

[[package]]
name = "prompt-toolkit"
version = "3.0.52"
description = "Library for building powerful interactive command lines in Python"
optional = false
python-versions = ">=3.8"
groups = ["dev"]
files = [
    {file = "prompt_toolkit-3.0.52-py3-none-any.whl", hash = "sha256:9aac639a3bbd33284347de5ad8d68ecc044b91a762dc39b7c21095fcd6a19955"},
    {file = "prompt_toolkit-3.0.52.tar.gz", hash = "sha256:28cde192929c8e7321de85de1ddbe736f1375148b02f2e17edd840042b1be855"},
]

[package.dependencies]
wcwidth = "*"

[[package]]
name = "ptyprocess"
version = "0.7.0"
description = "Run a subprocess in a pseudo terminal"
optional = false
python-versions = "*"
groups = ["dev"]
markers = "sys_platform != \"win32\" and sys_platform != \"emscripten\""
files = [
    {file = "ptyprocess-0.7.0-py2.py3-none-any.whl", hash = "sha256:4b41f3967fce3af57cc7e94b888626c18bf37a083e3651ca8feeb66d492fef35"},
    {file = "ptyprocess-0.7.0.tar.gz", hash = "sha256:5c5d0a3b48ceee0b48485e0c26037c0acd7d29765ca3fbb5cb3831d347423220"},
]

[[package]]
name = "pure-eval"
version = "0.2.3"
description = "Safely evaluate AST nodes without side effects"
optional = false
python-versions = "*"
groups = ["dev"]
files = [
    {file = "pure_eval-0.2.3-py3-none-any.whl", hash = "sha256:1db8e35b67b3d218d818ae653e27f06c3aa420901fa7b081ca98cbedc874e0d0"},
    {file = "pure_eval-0.2.3.tar.gz", hash = "sha256:5f4e983f40564c576c7c8635ae88db5956bb2229d7e9237d03b3c0b0190eaf42"},
]

[package.extras]
tests = ["pytest"]

[[package]]
name = "pygments"
version = "2.19.2"
description = "Pygments is a syntax highlighting package written in Python."
optional = false
python-versions = ">=3.8"
groups = ["dev"]
files = [
    {file = "pygments-2.19.2-py3-none-any.whl", hash = "sha256:86540386c03d588bb81d44bc3928634ff26449851e99741617ecb9037ee5ec0b"},
    {file = "pygments-2.19.2.tar.gz", hash = "sha256:636cb2477cec7f8952536970bc533bc43743542f70392ae026374600add5b887"},
]

[package.extras]
windows-terminal = ["colorama (>=0.4.6)"]

[[package]]
name = "pytest"
version = "9.0.3"
description = "pytest: simple powerful testing with Python"
optional = false
python-versions = ">=3.10"
groups = ["dev"]
files = [
    {file = "pytest-9.0.3-py3-none-any.whl", hash = "sha256:2c5efc453d45394fdd706ade797c0a81091eccd1d6e4bccfcd476e2b8e0ab5d9"},
    {file = "pytest-9.0.3.tar.gz", hash = "sha256:b86ada508af81d19edeb213c681b1d48246c1a91d304c6c81a427674c17eb91c"},
]

[package.dependencies]
colorama = {version = ">=0.4", markers = "sys_platform == \"win32\""}
iniconfig = ">=1.0.1"
packaging = ">=22"
pluggy = ">=1.5,<2"
pygments = ">=2.7.2"

[package.extras]
dev = ["argcomplete", "attrs (>=19.2)", "hypothesis (>=3.56)", "mock", "requests", "setuptools", "xmlschema"]

[[package]]
name = "pytest-django"
version = "4.11.1"
description = "A Django plugin for pytest."
optional = false
python-versions = ">=3.8"
groups = ["dev"]
files = [
    {file = "pytest_django-4.11.1-py3-none-any.whl", hash = "sha256:1b63773f648aa3d8541000c26929c1ea63934be1cfa674c76436966d73fe6a10"},
    {file = "pytest_django-4.11.1.tar.gz", hash = "sha256:a949141a1ee103cb0e7a20f1451d355f83f5e4a5d07bdd4dcfdd1fd0ff227991"},
]

[package.dependencies]
pytest = ">=7.0.0"

[package.extras]
docs = ["sphinx", "sphinx_rtd_theme"]
testing = ["Django", "django-configurations (>=2.0)"]

[[package]]
name = "python-dotenv"
version = "1.2.2"
description = "Read key-value pairs from a .env file and set them as environment variables"
optional = false
python-versions = ">=3.10"
groups = ["dev"]
files = [
    {file = "python_dotenv-1.2.2-py3-none-any.whl", hash = "sha256:1d8214789a24de455a8b8bd8ae6fe3c6b69a5e3d64aa8a8e5d68e694bbcb285a"},
    {file = "python_dotenv-1.2.2.tar.gz", hash = "sha256:2c371a91fbd7ba082c2c1dc1f8bf89ca22564a087c2c287cd9b662adde799cf3"},
]

[package.extras]
cli = ["click (>=5.0)"]

[[package]]
name = "pytokens"
version = "0.4.1"
description = "A Fast, spec compliant Python 3.14+ tokenizer that runs on older Pythons."
optional = false
python-versions = ">=3.8"
groups = ["dev"]
files = [
    {file = "pytokens-0.4.1-cp310-cp310-macosx_11_0_arm64.whl", hash = "sha256:2a44ed93ea23415c54f3face3b65ef2b844d96aeb3455b8a69b3df6beab6acc5"},
    {file = "pytokens-0.4.1-cp310-cp310-manylinux2014_aarch64.manylinux_2_17_aarch64.manylinux_2_28_aarch64.whl", hash = "sha256:add8bf86b71a5d9fb5b89f023a80b791e04fba57960aa790cc6125f7f1d39dfe"},
    {file = "pytokens-0.4.1-cp310-cp310-manylinux2014_x86_64.manylinux_2_17_x86_64.manylinux_2_28_x86_64.whl", hash = "sha256:670d286910b531c7b7e3c0b453fd8156f250adb140146d234a82219459b9640c"},
    {file = "pytokens-0.4.1-cp310-cp310-musllinux_1_2_x86_64.whl", hash = "sha256:4e691d7f5186bd2842c14813f79f8884bb03f5995f0575272009982c5ac6c0f7"},
    {file = "pytokens-0.4.1-cp310-cp310-win_amd64.whl", hash = "sha256:27b83ad28825978742beef057bfe406ad6ed524b2d28c252c5de7b4a6dd48fa2"},
    {file = "pytokens-0.4.1-cp311-cp311-macosx_11_0_arm64.whl", hash = "sha256:d70e77c55ae8380c91c0c18dea05951482e263982911fc7410b1ffd1dadd3440"},
    {file = "pytokens-0.4.1-cp311-cp311-manylinux2014_aarch64.manylinux_2_17_aarch64.manylinux_2_28_aarch64.whl", hash = "sha256:4a58d057208cb9075c144950d789511220b07636dd2e4708d5645d24de666bdc"},
    {file = "pytokens-0.4.1-cp311-cp311-manylinux2014_x86_64.manylinux_2_17_x86_64.manylinux_2_28_x86_64.whl", hash = "sha256:b49750419d300e2b5a3813cf229d4e5a4c728dae470bcc89867a9ad6f25a722d"},
    {file = "pytokens-0.4.1-cp311-cp311-musllinux_1_2_x86_64.whl", hash = "sha256:d9907d61f15bf7261d7e775bd5d7ee4d2930e04424bab1972591918497623a16"},
    {file = "pytokens-0.4.1-cp311-cp311-win_amd64.whl", hash = "sha256:ee44d0f85b803321710f9239f335aafe16553b39106384cef8e6de40cb4ef2f6"},
    {file = "pytokens-0.4.1-cp312-cp312-macosx_11_0_arm64.whl", hash = "sha256:140709331e846b728475786df8aeb27d24f48cbcf7bcd449f8de75cae7a45083"},
    {file = "pytokens-0.4.1-cp312-cp312-manylinux2014_aarch64.manylinux_2_17_aarch64.manylinux_2_28_aarch64.whl", hash = "sha256:6d6c4268598f762bc8e91f5dbf2ab2f61f7b95bdc07953b602db879b3c8c18e1"},
    {file = "pytokens-0.4.1-cp312-cp312-manylinux2014_x86_64.manylinux_2_17_x86_64.manylinux_2_28_x86_64.whl", hash = "sha256:24afde1f53d95348b5a0eb19488661147285ca4dd7ed752bbc3e1c6242a304d1"},
    {file = "pytokens-0.4.1-cp312-cp312-musllinux_1_2_x86_64.whl", hash = "sha256:5ad948d085ed6c16413eb5fec6b3e02fa00dc29a2534f088d3302c47eb59adf9"},
    {file = "pytokens-0.4.1-cp312-cp312-win_amd64.whl", hash = "sha256:3f901fe783e06e48e8cbdc82d631fca8f118333798193e026a50ce1b3757ea68"},
    {file = "pytokens-0.4.1-cp313-cp313-macosx_11_0_arm64.whl", hash = "sha256:8bdb9d0ce90cbf99c525e75a2fa415144fd570a1ba987380190e8b786bc6ef9b"},
    {file = "pytokens-0.4.1-cp313-cp313-manylinux2014_aarch64.manylinux_2_17_aarch64.manylinux_2_28_aarch64.whl", hash = "sha256:5502408cab1cb18e128570f8d598981c68a50d0cbd7c61312a90507cd3a1276f"},
    {file = "pytokens-0.4.1-cp313-cp313-manylinux2014_x86_64.manylinux_2_17_x86_64.manylinux_2_28_x86_64.whl", hash = "sha256:29d1d8fb1030af4d231789959f21821ab6325e463f0503a61d204343c9b355d1"},
    {file = "pytokens-0.4.1-cp313-cp313-musllinux_1_2_x86_64.whl", hash = "sha256:970b08dd6b86058b6dc07efe9e98414f5102974716232d10f32ff39701e841c4"},
    {file = "pytokens-0.4.1-cp313-cp313-win_amd64.whl", hash = "sha256:9bd7d7f544d362576be74f9d5901a22f317efc20046efe2034dced238cbbfe78"},
    {file = "pytokens-0.4.1-cp314-cp314-macosx_11_0_arm64.whl", hash = "sha256:4a14d5f5fc78ce85e426aa159489e2d5961acf0e47575e08f35584009178e321"},
    {file = "pytokens-0.4.1-cp314-cp314-manylinux2014_aarch64.manylinux_2_17_aarch64.manylinux_2_28_aarch64.whl", hash = "sha256:97f50fd18543be72da51dd505e2ed20d2228c74e0464e4262e4899797803d7fa"},
    {file = "pytokens-0.4.1-cp314-cp314-manylinux2014_x86_64.manylinux_2_17_x86_64.manylinux_2_28_x86_64.whl", hash = "sha256:dc74c035f9bfca0255c1af77ddd2d6ae8419012805453e4b0e7513e17904545d"},
    {file = "pytokens-0.4.1-cp314-cp314-musllinux_1_2_x86_64.whl", hash = "sha256:f66a6bbe741bd431f6d741e617e0f39ec7257ca1f89089593479347cc4d13324"},
    {file = "pytokens-0.4.1-cp314-cp314-win_amd64.whl", hash = "sha256:b35d7e5ad269804f6697727702da3c517bb8a5228afa450ab0fa787732055fc9"},
    {file = "pytokens-0.4.1-cp314-cp314t-macosx_11_0_arm64.whl", hash = "sha256:8fcb9ba3709ff77e77f1c7022ff11d13553f3c30299a9fe246a166903e9091eb"},
    {file = "pytokens-0.4.1-cp314-cp314t-manylinux2014_aarch64.manylinux_2_17_aarch64.manylinux_2_28_aarch64.whl", hash = "sha256:79fc6b8699564e1f9b521582c35435f1bd32dd06822322ec44afdeba666d8cb3"},
    {file = "pytokens-0.4.1-cp314-cp314t-manylinux2014_x86_64.manylinux_2_17_x86_64.manylinux_2_28_x86_64.whl", hash = "sha256:d31b97b3de0f61571a124a00ffe9a81fb9939146c122c11060725bd5aea79975"},
    {file = "pytokens-0.4.1-cp314-cp314t-musllinux_1_2_x86_64.whl", hash = "sha256:967cf6e3fd4adf7de8fc73cd3043754ae79c36475c1c11d514fc72cf5490094a"},
    {file = "pytokens-0.4.1-cp314-cp314t-win_amd64.whl", hash = "sha256:584c80c24b078eec1e227079d56dc22ff755e0ba8654d8383b2c549107528918"},
    {file = "pytokens-0.4.1-cp38-cp38-macosx_11_0_arm64.whl", hash = "sha256:da5baeaf7116dced9c6bb76dc31ba04a2dc3695f3d9f74741d7910122b456edc"},
    {file = "pytokens-0.4.1-cp38-cp38-manylinux2014_aarch64.manylinux_2_17_aarch64.manylinux_2_28_aarch64.whl", hash = "sha256:11edda0942da80ff58c4408407616a310adecae1ddd22eef8c692fe266fa5009"},
    {file = "pytokens-0.4.1-cp38-cp38-manylinux2014_x86_64.manylinux_2_17_x86_64.manylinux_2_28_x86_64.whl", hash = "sha256:0fc71786e629cef478cbf29d7ea1923299181d0699dbe7c3c0f4a583811d9fc1"},
    {file = "pytokens-0.4.1-cp38-cp38-musllinux_1_2_x86_64.whl", hash = "sha256:dcafc12c30dbaf1e2af0490978352e0c4041a7cde31f4f81435c2a5e8b9cabb6"},
    {file = "pytokens-0.4.1-cp38-cp38-win_amd64.whl", hash = "sha256:42f144f3aafa5d92bad964d471a581651e28b24434d184871bd02e3a0d956037"},
    {file = "pytokens-0.4.1-cp39-cp39-macosx_11_0_arm64.whl", hash = "sha256:34bcc734bd2f2d5fe3b34e7b3c0116bfb2397f2d9666139988e7a3eb5f7400e3"},
    {file = "pytokens-0.4.1-cp39-cp39-manylinux2014_aarch64.manylinux_2_17_aarch64.manylinux_2_28_aarch64.whl", hash = "sha256:941d4343bf27b605e9213b26bfa1c4bf197c9c599a9627eb7305b0defcfe40c1"},
    {file = "pytokens-0.4.1-cp39-cp39-manylinux2014_x86_64.manylinux_2_17_x86_64.manylinux_2_28_x86_64.whl", hash = "sha256:3ad72b851e781478366288743198101e5eb34a414f1d5627cdd585ca3b25f1db"},
    {file = "pytokens-0.4.1-cp39-cp39-musllinux_1_2_x86_64.whl", hash = "sha256:682fa37ff4d8e95f7df6fe6fe6a431e8ed8e788023c6bcc0f0880a12eab80ad1"},
    {file = "pytokens-0.4.1-cp39-cp39-win_amd64.whl", hash = "sha256:30f51edd9bb7f85c748979384165601d028b84f7bd13fe14d3e065304093916a"},
    {file = "pytokens-0.4.1-py3-none-any.whl", hash = "sha256:26cef14744a8385f35d0e095dc8b3a7583f6c953c2e3d269c7f82484bf5ad2de"},
    {file = "pytokens-0.4.1.tar.gz", hash = "sha256:292052fe80923aae2260c073f822ceba21f3872ced9a68bb7953b348e561179a"},
]

[package.extras]
dev = ["black", "build", "mypy", "pytest", "pytest-cov", "setuptools", "tox", "twine", "wheel"]

[[package]]
name = "redis"
version = "7.1.0"
description = "Python client for Redis database and key-value store"
optional = false
python-versions = ">=3.10"
groups = ["main"]
files = [
    {file = "redis-7.1.0-py3-none-any.whl", hash = "sha256:23c52b208f92b56103e17c5d06bdc1a6c2c0b3106583985a76a18f83b265de2b"},
    {file = "redis-7.1.0.tar.gz", hash = "sha256:b1cc3cfa5a2cb9c2ab3ba700864fb0ad75617b41f01352ce5779dabf6d5f9c3c"},
]

[package.extras]
circuit-breaker = ["pybreaker (>=1.4.0)"]
hiredis = ["hiredis (>=3.2.0)"]
jwt = ["pyjwt (>=2.9.0)"]
ocsp = ["cryptography (>=36.0.1)", "pyopenssl (>=20.0.1)", "requests (>=2.31.0)"]

[[package]]
name = "sqlparse"
version = "0.5.4"
description = "A non-validating SQL parser."
optional = false
python-versions = ">=3.8"
groups = ["main"]
files = [
    {file = "sqlparse-0.5.4-py3-none-any.whl", hash = "sha256:99a9f0314977b76d776a0fcb8554de91b9bb8a18560631d6bc48721d07023dcb"},
    {file = "sqlparse-0.5.4.tar.gz", hash = "sha256:4396a7d3cf1cd679c1be976cf3dc6e0a51d0111e87787e7a8d780e7d5a998f9e"},
]

[package.extras]
dev = ["build"]
doc = ["sphinx"]

[[package]]
name = "stack-data"
version = "0.6.3"
description = "Extract data from python stack frames and tracebacks for informative displays"
optional = false
python-versions = "*"
groups = ["dev"]
files = [
    {file = "stack_data-0.6.3-py3-none-any.whl", hash = "sha256:d5558e0c25a4cb0853cddad3d77da9891a08cb85dd9f9f91b9f8cd66e511e695"},
    {file = "stack_data-0.6.3.tar.gz", hash = "sha256:836a778de4fec4dcd1dcd89ed8abff8a221f58308462e1c4aa2a3cf30148f0b9"},
]

[package.dependencies]
asttokens = ">=2.1.0"
executing = ">=1.2.0"
pure-eval = "*"

[package.extras]
tests = ["cython", "littleutils", "pygments", "pytest", "typeguard"]

[[package]]
name = "traitlets"
version = "5.14.3"
description = "Traitlets Python configuration system"
optional = false
python-versions = ">=3.8"
groups = ["dev"]
files = [
    {file = "traitlets-5.14.3-py3-none-any.whl", hash = "sha256:b74e89e397b1ed28cc831db7aea759ba6640cb3de13090ca145426688ff1ac4f"},
    {file = "traitlets-5.14.3.tar.gz", hash = "sha256:9ed0579d3502c94b4b3732ac120375cda96f923114522847de4b3bb98b96b6b7"},
]

[package.extras]
docs = ["myst-parser", "pydata-sphinx-theme", "sphinx"]
test = ["argcomplete (>=3.0.3)", "mypy (>=1.7.0)", "pre-commit", "pytest (>=7.0,<8.2)", "pytest-mock", "pytest-mypy-testing"]

[[package]]
name = "tzdata"
version = "2025.2"
description = "Provider of IANA time zone data"
optional = false
python-versions = ">=2"
groups = ["main"]
markers = "sys_platform == \"win32\""
files = [
    {file = "tzdata-2025.2-py2.py3-none-any.whl", hash = "sha256:1a403fada01ff9221ca8044d701868fa132215d84beb92242d9acd2147f667a8"},
    {file = "tzdata-2025.2.tar.gz", hash = "sha256:b60a638fcc0daffadf82fe0f57e53d06bdec2f36c4df66280ae79bce6bd6f2b9"},
]

[[package]]
name = "wcwidth"
version = "0.2.14"
description = "Measures the displayed width of unicode strings in a terminal"
optional = false
python-versions = ">=3.6"
groups = ["dev"]
files = [
    {file = "wcwidth-0.2.14-py2.py3-none-any.whl", hash = "sha256:a7bb560c8aee30f9957e5f9895805edd20602f2d7f720186dfd906e82b4982e1"},
    {file = "wcwidth-0.2.14.tar.gz", hash = "sha256:4d478375d31bc5395a3c55c40ccdf3354688364cd61c4f6adacaa9215d0b3605"},
]

[metadata]
lock-version = "2.1"
python-versions = "^3.12"
content-hash = "42d21bfcc28c1fcbc7c2d37c9e31e55a1e7938a41224015d1a8556b231010325"
